
Microsoft Visual Studio Solution File, Format Version 12.00
# Visual Studio Version 17
VisualStudioVersion = 17.0.32002.185
MinimumVisualStudioVersion = 10.0.40219.1
Project("{FAE04EC0-301F-11D3-BF4B-00C04F79EFBC}") = "VisionAPI", "VisionAPI\VisionAPI.csproj", "{4C24000D-D3B0-451A-9391-50C71B0FAEDD}"
EndProject
Global
	GlobalSection(SolutionConfigurationPlatforms) = preSolution
		Debug|Any CPU = Debug|Any CPU
		Release|Any CPU = Release|Any CPU
	EndGlobalSection
	GlobalSection(ProjectConfigurationPlatforms) = postSolution
		{4C24000D-D3B0-451A-9391-50C71B0FAEDD}.Debug|Any CPU.ActiveCfg = Debug|Any CPU
		{4C24000D-D3B0-451A-9391-50C71B0FAEDD}.Debug|Any CPU.Build.0 = Debug|Any CPU
		{4C24000D-D3B0-451A-9391-50C71B0FAEDD}.Release|Any CPU.ActiveCfg = Release|Any CPU
		{4C24000D-D3B0-451A-9391-50C71B0FAEDD}.Release|Any CPU.Build.0 = Release|Any CPU
	EndGlobalSection
	GlobalSection(SolutionProperties) = preSolution
		HideSolutionNode = FALSE
	EndGlobalSection
	GlobalSection(ExtensibilityGlobals) = postSolution
		SolutionGuid = {EB180C90-D277-4E1D-B6EC-27C48585DDC5}
	EndGlobalSection
EndGlobal
